
Microsoft Visual Studio Solution File, Format Version 12.00
# Visual Studio Version 16
VisualStudioVersion = 16.0.29020.237
MinimumVisualStudioVersion = 10.0.40219.1
Project("{FAE04EC0-301F-11D3-BF4B-00C04F79EFBC}") = "IMGprocessing", "IMGprocessing\IMGprocessing.csproj", "{7A7AF910-72AC-4E66-A649-7E3BFE490781}"
EndProject
Global
	GlobalSection(SolutionConfigurationPlatforms) = preSolution
		Debug|Any CPU = Debug|Any CPU
		Release|Any CPU = Release|Any CPU
	EndGlobalSection
	GlobalSection(ProjectConfigurationPlatforms) = postSolution
		{7A7AF910-72AC-4E66-A649-7E3BFE490781}.Debug|Any CPU.ActiveCfg = Debug|Any CPU
		{7A7AF910-72AC-4E66-A649-7E3BFE490781}.Debug|Any CPU.Build.0 = Debug|Any CPU
		{7A7AF910-72AC-4E66-A649-7E3BFE490781}.Release|Any CPU.ActiveCfg = Release|Any CPU
		{7A7AF910-72AC-4E66-A649-7E3BFE490781}.Release|Any CPU.Build.0 = Release|Any CPU
	EndGlobalSection
	GlobalSection(SolutionProperties) = preSolution
		HideSolutionNode = FALSE
	EndGlobalSection
	GlobalSection(ExtensibilityGlobals) = postSolution
		SolutionGuid = {F2013472-B878-49EB-911F-B8188100747C}
	EndGlobalSection
EndGlobal
